
Microsoft Visual Studio Solution File, Format Version 12.00
# Visual Studio 15
VisualStudioVersion = 15.0.26124.0
MinimumVisualStudioVersion = 15.0.26124.0
Project("{FAE04EC0-301F-11D3-BF4B-00C04F79EFBC}") = "PdfExporterSample", "src\PdfExporterSample.csproj", "{6F5A1778-5286-417E-89A3-92C431BF74B3}"
EndProject
Project("{FAE04EC0-301F-11D3-BF4B-00C04F79EFBC}") = "PdfExporterSample.Dependencies", "dependencies\PdfExporterSample.Dependencies.csproj", "{BCA489C1-20B5-4F20-96CC-18DDBF1E1273}"
EndProject
Project("{FAE04EC0-301F-11D3-BF4B-00C04F79EFBC}") = "PdfExporterSample.Tests", "test\PdfExporterSample.Tests.csproj", "{9D7CF4CF-0F2C-4B2D-AF9C-DC45611F1AA3}"
EndProject
Global
	GlobalSection(SolutionConfigurationPlatforms) = preSolution
		Debug|Any CPU = Debug|Any CPU
		Debug|x64 = Debug|x64
		Debug|x86 = Debug|x86
		Release|Any CPU = Release|Any CPU
		Release|x64 = Release|x64
		Release|x86 = Release|x86
	EndGlobalSection
	GlobalSection(SolutionProperties) = preSolution
		HideSolutionNode = FALSE
	EndGlobalSection
	GlobalSection(ProjectConfigurationPlatforms) = postSolution
		{6F5A1778-5286-417E-89A3-92C431BF74B3}.Debug|Any CPU.ActiveCfg = Debug|Any CPU
		{6F5A1778-5286-417E-89A3-92C431BF74B3}.Debug|Any CPU.Build.0 = Debug|Any CPU
		{6F5A1778-5286-417E-89A3-92C431BF74B3}.Debug|x64.ActiveCfg = Debug|Any CPU
		{6F5A1778-5286-417E-89A3-92C431BF74B3}.Debug|x64.Build.0 = Debug|Any CPU
		{6F5A1778-5286-417E-89A3-92C431BF74B3}.Debug|x86.ActiveCfg = Debug|Any CPU
		{6F5A1778-5286-417E-89A3-92C431BF74B3}.Debug|x86.Build.0 = Debug|Any CPU
		{6F5A1778-5286-417E-89A3-92C431BF74B3}.Release|Any CPU.ActiveCfg = Release|Any CPU
		{6F5A1778-5286-417E-89A3-92C431BF74B3}.Release|Any CPU.Build.0 = Release|Any CPU
		{6F5A1778-5286-417E-89A3-92C431BF74B3}.Release|x64.ActiveCfg = Release|Any CPU
		{6F5A1778-5286-417E-89A3-92C431BF74B3}.Release|x64.Build.0 = Release|Any CPU
		{6F5A1778-5286-417E-89A3-92C431BF74B3}.Release|x86.ActiveCfg = Release|Any CPU
		{6F5A1778-5286-417E-89A3-92C431BF74B3}.Release|x86.Build.0 = Release|Any CPU
		{BCA489C1-20B5-4F20-96CC-18DDBF1E1273}.Debug|Any CPU.ActiveCfg = Debug|Any CPU
		{BCA489C1-20B5-4F20-96CC-18DDBF1E1273}.Debug|Any CPU.Build.0 = Debug|Any CPU
		{BCA489C1-20B5-4F20-96CC-18DDBF1E1273}.Debug|x64.ActiveCfg = Debug|Any CPU
		{BCA489C1-20B5-4F20-96CC-18DDBF1E1273}.Debug|x64.Build.0 = Debug|Any CPU
		{BCA489C1-20B5-4F20-96CC-18DDBF1E1273}.Debug|x86.ActiveCfg = Debug|Any CPU
		{BCA489C1-20B5-4F20-96CC-18DDBF1E1273}.Debug|x86.Build.0 = Debug|Any CPU
		{BCA489C1-20B5-4F20-96CC-18DDBF1E1273}.Release|Any CPU.ActiveCfg = Release|Any CPU
		{BCA489C1-20B5-4F20-96CC-18DDBF1E1273}.Release|Any CPU.Build.0 = Release|Any CPU
		{BCA489C1-20B5-4F20-96CC-18DDBF1E1273}.Release|x64.ActiveCfg = Release|Any CPU
		{BCA489C1-20B5-4F20-96CC-18DDBF1E1273}.Release|x64.Build.0 = Release|Any CPU
		{BCA489C1-20B5-4F20-96CC-18DDBF1E1273}.Release|x86.ActiveCfg = Release|Any CPU
		{BCA489C1-20B5-4F20-96CC-18DDBF1E1273}.Release|x86.Build.0 = Release|Any CPU
		{9D7CF4CF-0F2C-4B2D-AF9C-DC45611F1AA3}.Debug|Any CPU.ActiveCfg = Debug|Any CPU
		{9D7CF4CF-0F2C-4B2D-AF9C-DC45611F1AA3}.Debug|Any CPU.Build.0 = Debug|Any CPU
		{9D7CF4CF-0F2C-4B2D-AF9C-DC45611F1AA3}.Debug|x64.ActiveCfg = Debug|Any CPU
		{9D7CF4CF-0F2C-4B2D-AF9C-DC45611F1AA3}.Debug|x64.Build.0 = Debug|Any CPU
		{9D7CF4CF-0F2C-4B2D-AF9C-DC45611F1AA3}.Debug|x86.ActiveCfg = Debug|Any CPU
		{9D7CF4CF-0F2C-4B2D-AF9C-DC45611F1AA3}.Debug|x86.Build.0 = Debug|Any CPU
		{9D7CF4CF-0F2C-4B2D-AF9C-DC45611F1AA3}.Release|Any CPU.ActiveCfg = Release|Any CPU
		{9D7CF4CF-0F2C-4B2D-AF9C-DC45611F1AA3}.Release|Any CPU.Build.0 = Release|Any CPU
		{9D7CF4CF-0F2C-4B2D-AF9C-DC45611F1AA3}.Release|x64.ActiveCfg = Release|Any CPU
		{9D7CF4CF-0F2C-4B2D-AF9C-DC45611F1AA3}.Release|x64.Build.0 = Release|Any CPU
		{9D7CF4CF-0F2C-4B2D-AF9C-DC45611F1AA3}.Release|x86.ActiveCfg = Release|Any CPU
		{9D7CF4CF-0F2C-4B2D-AF9C-DC45611F1AA3}.Release|x86.Build.0 = Release|Any CPU
	EndGlobalSection
EndGlobal
